
Microsoft Visual Studio Solution File, Format Version 12.00
# Visual Studio Version 17
VisualStudioVersion = 17.7.34221.43
MinimumVisualStudioVersion = 10.0.40219.1
Project("{FAE04EC0-301F-11D3-BF4B-00C04F79EFBC}") = "GerenciadorDeArquivosApp", "GerenciadorDeArquivosApp\GerenciadorDeArquivosApp.csproj", "{4CC28B96-495E-4687-BBBB-005310BD8392}"
EndProject
Global
	GlobalSection(SolutionConfigurationPlatforms) = preSolution
		Debug|Any CPU = Debug|Any CPU
		Release|Any CPU = Release|Any CPU
	EndGlobalSection
	GlobalSection(ProjectConfigurationPlatforms) = postSolution
		{4CC28B96-495E-4687-BBBB-005310BD8392}.Debug|Any CPU.ActiveCfg = Debug|Any CPU
		{4CC28B96-495E-4687-BBBB-005310BD8392}.Debug|Any CPU.Build.0 = Debug|Any CPU
		{4CC28B96-495E-4687-BBBB-005310BD8392}.Release|Any CPU.ActiveCfg = Release|Any CPU
		{4CC28B96-495E-4687-BBBB-005310BD8392}.Release|Any CPU.Build.0 = Release|Any CPU
	EndGlobalSection
	GlobalSection(SolutionProperties) = preSolution
		HideSolutionNode = FALSE
	EndGlobalSection
	GlobalSection(ExtensibilityGlobals) = postSolution
		SolutionGuid = {16C729F1-F6D9-462D-B7C2-9907F75CF6F8}
	EndGlobalSection
EndGlobal
